<?xml version="1.0" encoding="utf-8"?>
<Project ToolsVersion="4.0" xmlns="http://schemas.microsoft.com/developer/msbuild/2003">
  <ItemGroup>
    <Filter Include="Source Files">
      <UniqueIdentifier>{4FC737F1-C7A5-4376-A066-2A32D752A2FF}</UniqueIdentifier>
      <Extensions>cpp;c;cc;cxx;c++;cppm;ixx;def;odl;idl;hpj;bat;asm;asmx</Extensions>
    </Filter>
    <Filter Include="Header Files">
      <UniqueIdentifier>{93995380-89BD-4b04-88EB-625FBE52EBFB}</UniqueIdentifier>
      <Extensions>h;hh;hpp;hxx;h++;hm;inl;inc;ipp;xsd</Extensions>
    </Filter>
    <Filter Include="Resource Files">
      <UniqueIdentifier>{67DA6AB6-F800-4c08-8B7A-83BB121AAD01}</UniqueIdentifier>
      <Extensions>rc;ico;cur;bmp;dlg;rc2;rct;bin;rgs;gif;jpg;jpeg;jpe;resx;tiff;tif;png;wav;mfcribbon-ms</Extensions>
    </Filter>
    <Filter Include="Source Files\unreal_engine">
      <UniqueIdentifier>{5b81fec2-9b17-42c0-b756-3e1d8dd80062}</UniqueIdentifier>
    </Filter>
    <Filter Include="Source Files\unreal_engine\engine">
      <UniqueIdentifier>{7b520ad5-8c44-4a71-972e-f90033fab782}</UniqueIdentifier>
    </Filter>
    <Filter Include="Source Files\unreal_engine\structs">
      <UniqueIdentifier>{282de88e-ee6b-48cc-855e-44a2fa14f05a}</UniqueIdentifier>
    </Filter>
    <Filter Include="Source Files\addresses">
      <UniqueIdentifier>{0249c729-6125-4bbf-baa1-ba9bd09762a1}</UniqueIdentifier>
    </Filter>
    <Filter Include="Source Files\utils">
      <UniqueIdentifier>{56c42a64-66ea-4f5a-b22e-fa6e6bdf9e17}</UniqueIdentifier>
    </Filter>
    <Filter Include="Source Files\unreal_engine\hooks">
      <UniqueIdentifier>{beb58cf0-91bc-4318-8c98-f029b717c7ae}</UniqueIdentifier>
    </Filter>
  </ItemGroup>
  <ItemGroup>
    <ClCompile Include="dllmain.cpp">
      <Filter>Source Files</Filter>
    </ClCompile>
    <ClCompile Include="unreal_engine\engine\engine.cpp">
      <Filter>Source Files\unreal_engine\engine</Filter>
    </ClCompile>
    <ClCompile Include="utils\utils.cpp">
      <Filter>Source Files\utils</Filter>
    </ClCompile>
    <ClCompile Include="unreal_engine\hooks\hooks.cpp">
      <Filter>Source Files\unreal_engine\hooks</Filter>
    </ClCompile>
    <ClCompile Include="unreal_engine\structs\structs.cpp">
      <Filter>Source Files\unreal_engine\structs</Filter>
    </ClCompile>
  </ItemGroup>
  <ItemGroup>
    <ClInclude Include="addresses\addresses.hpp">
      <Filter>Source Files\addresses</Filter>
    </ClInclude>
    <ClInclude Include="unreal_engine\engine\engine.hpp">
      <Filter>Source Files\unreal_engine\engine</Filter>
    </ClInclude>
    <ClInclude Include="unreal_engine\structs\structs.hpp">
      <Filter>Source Files\unreal_engine\structs</Filter>
    </ClInclude>
    <ClInclude Include="utils\utils.hpp">
      <Filter>Source Files\utils</Filter>
    </ClInclude>
    <ClInclude Include="unreal_engine\hooks\hooks.hpp">
      <Filter>Source Files\unreal_engine\hooks</Filter>
    </ClInclude>
  </ItemGroup>
</Project>